Microsoft Visual Studio Solution File, Format Version 12.00
# Visual Studio Version 17
VisualStudioVersion = 17.10.35013.160
MinimumVisualStudioVersion = 10.0.40219.1
Project("{9A19103F-16F7-4668-BE54-9A1E7A4F7556}") = "nac.http", "nac.http\nac.http.csproj", "{4CC8B1DA-37BC-4FF3-B1C5-9CD3569896F2}"
EndProject
Project("{9A19103F-16F7-4668-BE54-9A1E7A4F7556}") = "Tests", "Tests\Tests.csproj", "{8A5A3D29-10F6-47BC-85C0-0DC41A814AB6}"
EndProject
Project("{9A19103F-16F7-4668-BE54-9A1E7A4F7556}") = "Tests_WebApiForTesting", "Tests_WebApiForTesting\Tests_WebApiForTesting.csproj", "{7332EBA7-5400-4934-AD81-4430FB2C4525}"
EndProject
Project("{9A19103F-16F7-4668-BE54-9A1E7A4F7556}") = "nac.http.logging.curl", "nac.http.logging.curl\nac.http.logging.curl.csproj", "{447F6D47-8C6E-43B9-B6AD-F37B479D2C3B}"
EndProject
Project("{FAE04EC0-301F-11D3-BF4B-00C04F79EFBC}") = "nac.http.logging.har", "nac.http.logging.har\nac.http.logging.har.csproj", "{D110C3CE-58DC-434E-9C85-F688D8D80FB2}"
EndProject
Global
	GlobalSection(SolutionConfigurationPlatforms) = preSolution
		Debug|Any CPU = Debug|Any CPU
		Release|Any CPU = Release|Any CPU
	EndGlobalSection
	GlobalSection(ProjectConfigurationPlatforms) = postSolution
		{4CC8B1DA-37BC-4FF3-B1C5-9CD3569896F2}.Debug|Any CPU.ActiveCfg = Debug|Any CPU
		{4CC8B1DA-37BC-4FF3-B1C5-9CD3569896F2}.Debug|Any CPU.Build.0 = Debug|Any CPU
		{4CC8B1DA-37BC-4FF3-B1C5-9CD3569896F2}.Release|Any CPU.ActiveCfg = Release|Any CPU
		{4CC8B1DA-37BC-4FF3-B1C5-9CD3569896F2}.Release|Any CPU.Build.0 = Release|Any CPU
		{8A5A3D29-10F6-47BC-85C0-0DC41A814AB6}.Debug|Any CPU.ActiveCfg = Debug|Any CPU
		{8A5A3D29-10F6-47BC-85C0-0DC41A814AB6}.Debug|Any CPU.Build.0 = Debug|Any CPU
		{8A5A3D29-10F6-47BC-85C0-0DC41A814AB6}.Release|Any CPU.ActiveCfg = Release|Any CPU
		{8A5A3D29-10F6-47BC-85C0-0DC41A814AB6}.Release|Any CPU.Build.0 = Release|Any CPU
		{7332EBA7-5400-4934-AD81-4430FB2C4525}.Debug|Any CPU.ActiveCfg = Debug|Any CPU
		{7332EBA7-5400-4934-AD81-4430FB2C4525}.Debug|Any CPU.Build.0 = Debug|Any CPU
		{7332EBA7-5400-4934-AD81-4430FB2C4525}.Release|Any CPU.ActiveCfg = Release|Any CPU
		{7332EBA7-5400-4934-AD81-4430FB2C4525}.Release|Any CPU.Build.0 = Release|Any CPU
		{447F6D47-8C6E-43B9-B6AD-F37B479D2C3B}.Debug|Any CPU.ActiveCfg = Debug|Any CPU
		{447F6D47-8C6E-43B9-B6AD-F37B479D2C3B}.Debug|Any CPU.Build.0 = Debug|Any CPU
		{447F6D47-8C6E-43B9-B6AD-F37B479D2C3B}.Release|Any CPU.ActiveCfg = Release|Any CPU
		{447F6D47-8C6E-43B9-B6AD-F37B479D2C3B}.Release|Any CPU.Build.0 = Release|Any CPU
		{D110C3CE-58DC-434E-9C85-F688D8D80FB2}.Debug|Any CPU.ActiveCfg = Debug|Any CPU
		{D110C3CE-58DC-434E-9C85-F688D8D80FB2}.Debug|Any CPU.Build.0 = Debug|Any CPU
		{D110C3CE-58DC-434E-9C85-F688D8D80FB2}.Release|Any CPU.ActiveCfg = Release|Any CPU
		{D110C3CE-58DC-434E-9C85-F688D8D80FB2}.Release|Any CPU.Build.0 = Release|Any CPU
	EndGlobalSection
	GlobalSection(SolutionProperties) = preSolution
		HideSolutionNode = FALSE
	EndGlobalSection
	GlobalSection(ExtensibilityGlobals) = postSolution
		SolutionGuid = {036A78DD-2916-4B00-B46B-177429171319}
	EndGlobalSection
EndGlobal
